{
  "name": "banaotask2",
  "lockfileVersion": 2,
  "requires": true,
  "packages": {
    "": {
      "dependencies": {
        "inline-scripts": "^1.7.4"
      }
    },
    "node_modules/inline-scripts": {
      "version": "1.7.4",
      "resolved": "https://registry.npmjs.org/inline-scripts/-/inline-scripts-1.7.4.tgz",
      "integrity": "sha512-iEuBe8HfhzNlllODod145vW+hh1HJv/aGXkSq6dsDa/m0fmos8UGmtilmu8LykABqJWVGCP2qRexo6VqpL0OZA==",
      "bin": {
        "inline-environment-variables": "src/cli/inlineEnvironmentVariables.js",
        "inline-images": "src/cli/inlineImages.js",
        "inline-requires": "src/cli/inlineRequires.js",
        "inline-script-tags": "src/cli/inlineScriptTags.js",
        "inline-stylesheets": "src/cli/inlineStylesheets.js"
      }
    }
  },
  "dependencies": {
    "inline-scripts": {
      "version": "1.7.4",
      "resolved": "https://registry.npmjs.org/inline-scripts/-/inline-scripts-1.7.4.tgz",
      "integrity": "sha512-iEuBe8HfhzNlllODod145vW+hh1HJv/aGXkSq6dsDa/m0fmos8UGmtilmu8LykABqJWVGCP2qRexo6VqpL0OZA=="
    }
  }
}
